
Microsoft Visual Studio Solution File, Format Version 12.00
# Visual Studio Version 17
VisualStudioVersion = 17.12.35527.113 d17.12
MinimumVisualStudioVersion = 10.0.40219.1
Project("{FAE04EC0-301F-11D3-BF4B-00C04F79EFBC}") = "PETROL_OTOMASYON_8_ARALIIK", "PETROL_OTOMASYON_8_ARALIIK\PETROL_OTOMASYON_8_ARALIIK.csproj", "{9D03B025-28BD-4BD6-A7EC-55BADBE30974}"
EndProject
Global
	GlobalSection(SolutionConfigurationPlatforms) = preSolution
		Debug|Any CPU = Debug|Any CPU
		Release|Any CPU = Release|Any CPU
	EndGlobalSection
	GlobalSection(ProjectConfigurationPlatforms) = postSolution
		{9D03B025-28BD-4BD6-A7EC-55BADBE30974}.Debug|Any CPU.ActiveCfg = Debug|Any CPU
		{9D03B025-28BD-4BD6-A7EC-55BADBE30974}.Debug|Any CPU.Build.0 = Debug|Any CPU
		{9D03B025-28BD-4BD6-A7EC-55BADBE30974}.Release|Any CPU.ActiveCfg = Release|Any CPU
		{9D03B025-28BD-4BD6-A7EC-55BADBE30974}.Release|Any CPU.Build.0 = Release|Any CPU
	EndGlobalSection
	GlobalSection(SolutionProperties) = preSolution
		HideSolutionNode = FALSE
	EndGlobalSection
EndGlobal
